// !$*UTF8*$!
{
	archiveVersion = 1;
	classes = {
	};
	objectVersion = 46;
	objects = {

/* Begin PBXBuildFile section */
		36900BEC137915DFB4B1ACE7 /* libPods-SketchAndColor.a in Frameworks */ = {isa = PBXBuildFile; fileRef = B550B313B4A7760ADAE2DA57 /* libPods-SketchAndColor.a */; };
		67AB938D1BA4D3940070E363 /* main.m in Sources */ = {isa = PBXBuildFile; fileRef = 67AB938C1BA4D3940070E363 /* main.m */; };
		67AB93901BA4D3940070E363 /* AppDelegate.m in Sources */ = {isa = PBXBuildFile; fileRef = 67AB938F1BA4D3940070E363 /* AppDelegate.m */; };
		67AB93931BA4D3940070E363 /* ViewController.m in Sources */ = {isa = PBXBuildFile; fileRef = 67AB93921BA4D3940070E363 /* ViewController.m */; };
		67AB93961BA4D3940070E363 /* Main.storyboard in Resources */ = {isa = PBXBuildFile; fileRef = 67AB93941BA4D3940070E363 /* Main.storyboard */; };
		67AB93981BA4D3940070E363 /* Images.xcassets in Resources */ = {isa = PBXBuildFile; fileRef = 67AB93971BA4D3940070E363 /* Images.xcassets */; };
		67AB939B1BA4D3940070E363 /* LaunchScreen.xib in Resources */ = {isa = PBXBuildFile; fileRef = 67AB93991BA4D3940070E363 /* LaunchScreen.xib */; };
		67AB93A71BA4D3940070E363 /* SketchAndColorTests.m in Sources */ = {isa = PBXBuildFile; fileRef = 67AB93A61BA4D3940070E363 /* SketchAndColorTests.m */; };
		E07438A61BA5480800F9609C /* SketchMyOwnViewController.m in Sources */ = {isa = PBXBuildFile; fileRef = E07438A51BA5480800F9609C /* SketchMyOwnViewController.m */; };
/* End PBXBuildFile section */

/* Begin PBXContainerItemProxy section */
		67AB93A11BA4D3940070E363 /* PBXContainerItemProxy */ = {
			isa = PBXContainerItemProxy;
			containerPortal = 67AB937F1BA4D3940070E363 /* Project object */;
			proxyType = 1;
			remoteGlobalIDString = 67AB93861BA4D3940070E363;
			remoteInfo = SketchAndColor;
		};
/* End PBXContainerItemProxy section */

/* Begin PBXFileReference section */
		42692B5AC144820905E86EAD /* Pods-SketchAndColor.release.xcconfig */ = {isa = PBXFileReference; includeInIndex = 1; lastKnownFileType = text.xcconfig; name = "Pods-SketchAndColor.release.xcconfig"; path = "Pods/Target Support Files/Pods-SketchAndColor/Pods-SketchAndColor.release.xcconfig"; sourceTree = "<group>"; };
		67AB93871BA4D3940070E363 /* SketchAndColor.app */ = {isa = PBXFileReference; explicitFileType = wrapper.application; includeInIndex = 0; path = SketchAndColor.app; sourceTree = BUILT_PRODUCTS_DIR; };
		67AB938B1BA4D3940070E363 /* Info.plist */ = {isa = PBXFileReference; lastKnownFileType = text.plist.xml; path = Info.plist; sourceTree = "<group>"; };
		67AB938C1BA4D3940070E363 /* main.m */ = {isa = PBXFileReference; lastKnownFileType = sourcecode.c.objc; path = main.m; sourceTree = "<group>"; };
		67AB938E1BA4D3940070E363 /* AppDelegate.h */ = {isa = PBXFileReference; lastKnownFileType = sourcecode.c.h; path = AppDelegate.h; sourceTree = "<group>"; };
		67AB938F1BA4D3940070E363 /* AppDelegate.m */ = {isa = PBXFileReference; lastKnownFileType = sourcecode.c.objc; path = AppDelegate.m; sourceTree = "<group>"; };
		67AB93911BA4D3940070E363 /* ViewController.h */ = {isa = PBXFileReference; lastKnownFileType = sourcecode.c.h; path = ViewController.h; sourceTree = "<group>"; };
		67AB93921BA4D3940070E363 /* ViewController.m */ = {isa = PBXFileReference; lastKnownFileType = sourcecode.c.objc; path = ViewController.m; sourceTree = "<group>"; };
		67AB93951BA4D3940070E363 /* Base */ = {isa = PBXFileReference; lastKnownFileType = file.storyboard; name = Base; path = Base.lproj/Main.storyboard; sourceTree = "<group>"; };
		67AB93971BA4D3940070E363 /* Images.xcassets */ = {isa = PBXFileReference; lastKnownFileType = folder.assetcatalog; path = Images.xcassets; sourceTree = "<group>"; };
		67AB939A1BA4D3940070E363 /* Base */ = {isa = PBXFileReference; lastKnownFileType = file.xib; name = Base; path = Base.lproj/LaunchScreen.xib; sourceTree = "<group>"; };
		67AB93A01BA4D3940070E363 /* SketchAndColorTests.xctest */ = {isa = PBXFileReference; explicitFileType = wrapper.cfbundle; includeInIndex = 0; path = SketchAndColorTests.xctest; sourceTree = BUILT_PRODUCTS_DIR; };
		67AB93A51BA4D3940070E363 /* Info.plist */ = {isa = PBXFileReference; lastKnownFileType = text.plist.xml; path = Info.plist; sourceTree = "<group>"; };
		67AB93A61BA4D3940070E363 /* SketchAndColorTests.m */ = {isa = PBXFileReference; lastKnownFileType = sourcecode.c.objc; path = SketchAndColorTests.m; sourceTree = "<group>"; };
		B550B313B4A7760ADAE2DA57 /* libPods-SketchAndColor.a */ = {isa = PBXFileReference; explicitFileType = archive.ar; includeInIndex = 0; path = "libPods-SketchAndColor.a"; sourceTree = BUILT_PRODUCTS_DIR; };
		D5E974750F3DA51B28F21FC8 /* Pods-SketchAndColor.debug.xcconfig */ = {isa = PBXFileReference; includeInIndex = 1; lastKnownFileType = text.xcconfig; name = "Pods-SketchAndColor.debug.xcconfig"; path = "Pods/Target Support Files/Pods-SketchAndColor/Pods-SketchAndColor.debug.xcconfig"; sourceTree = "<group>"; };
		E07438A41BA5480800F9609C /* SketchMyOwnViewController.h */ = {isa = PBXFileReference; fileEncoding = 4; lastKnownFileType = sourcecode.c.h; path = SketchMyOwnViewController.h; sourceTree = "<group>"; };
		E07438A51BA5480800F9609C /* SketchMyOwnViewController.m */ = {isa = PBXFileReference; fileEncoding = 4; lastKnownFileType = sourcecode.c.objc; path = SketchMyOwnViewController.m; sourceTree = "<group>"; };
/* End PBXFileReference section */

/* Begin PBXFrameworksBuildPhase section */
		67AB93841BA4D3940070E363 /* Frameworks */ = {
			isa = PBXFrameworksBuildPhase;
			buildActionMask = 2147483647;
			files = (
				36900BEC137915DFB4B1ACE7 /* libPods-SketchAndColor.a in Frameworks */,
			);
			runOnlyForDeploymentPostprocessing = 0;
		};
		67AB939D1BA4D3940070E363 /* Frameworks */ = {
			isa = PBXFrameworksBuildPhase;
			buildActionMask = 2147483647;
			files = (
			);
			runOnlyForDeploymentPostprocessing = 0;
		};
/* End PBXFrameworksBuildPhase section */

/* Begin PBXGroup section */
		67AB937E1BA4D3940070E363 = {
			isa = PBXGroup;
			children = (
				67AB93891BA4D3940070E363 /* SketchAndColor */,
				67AB93A31BA4D3940070E363 /* SketchAndColorTests */,
				67AB93881BA4D3940070E363 /* Products */,
				F6AA169CAB10E1A0724C6217 /* Pods */,
				B3534608F497160B2B3DB0B7 /* Frameworks */,
			);
			sourceTree = "<group>";
		};
		67AB93881BA4D3940070E363 /* Products */ = {
			isa = PBXGroup;
			children = (
				67AB93871BA4D3940070E363 /* SketchAndColor.app */,
				67AB93A01BA4D3940070E363 /* SketchAndColorTests.xctest */,
			);
			name = Products;
			sourceTree = "<group>";
		};
		67AB93891BA4D3940070E363 /* SketchAndColor */ = {
			isa = PBXGroup;
			children = (
				67AB938E1BA4D3940070E363 /* AppDelegate.h */,
				E07438A41BA5480800F9609C /* SketchMyOwnViewController.h */,
				E07438A51BA5480800F9609C /* SketchMyOwnViewController.m */,
				67AB938F1BA4D3940070E363 /* AppDelegate.m */,
				67AB93911BA4D3940070E363 /* ViewController.h */,
				67AB93921BA4D3940070E363 /* ViewController.m */,
				67AB93941BA4D3940070E363 /* Main.storyboard */,
				67AB93971BA4D3940070E363 /* Images.xcassets */,
				67AB93991BA4D3940070E363 /* LaunchScreen.xib */,
				67AB938A1BA4D3940070E363 /* Supporting Files */,
			);
			path = SketchAndColor;
			sourceTree = "<group>";
		};
		67AB938A1BA4D3940070E363 /* Supporting Files */ = {
			isa = PBXGroup;
			children = (
				67AB938B1BA4D3940070E363 /* Info.plist */,
				67AB938C1BA4D3940070E363 /* main.m */,
			);
			name = "Supporting Files";
			sourceTree = "<group>";
		};
		67AB93A31BA4D3940070E363 /* SketchAndColorTests */ = {
			isa = PBXGroup;
			children = (
				67AB93A61BA4D3940070E363 /* SketchAndColorTests.m */,
				67AB93A41BA4D3940070E363 /* Supporting Files */,
			);
			path = SketchAndColorTests;
			sourceTree = "<group>";
		};
		67AB93A41BA4D3940070E363 /* Supporting Files */ = {
			isa = PBXGroup;
			children = (
				67AB93A51BA4D3940070E363 /* Info.plist */,
			);
			name = "Supporting Files";
			sourceTree = "<group>";
		};
		B3534608F497160B2B3DB0B7 /* Frameworks */ = {
			isa = PBXGroup;
			children = (
				B550B313B4A7760ADAE2DA57 /* libPods-SketchAndColor.a */,
			);
			name = Frameworks;
			sourceTree = "<group>";
		};
		F6AA169CAB10E1A0724C6217 /* Pods */ = {
			isa = PBXGroup;
			children = (
				D5E974750F3DA51B28F21FC8 /* Pods-SketchAndColor.debug.xcconfig */,
				42692B5AC144820905E86EAD /* Pods-SketchAndColor.release.xcconfig */,
			);
			name = Pods;
			sourceTree = "<group>";
		};
/* End PBXGroup section */

/* Begin PBXNativeTarget section */
		67AB93861BA4D3940070E363 /* SketchAndColor */ = {
			isa = PBXNativeTarget;
			buildConfigurationList = 67AB93AA1BA4D3940070E363 /* Build configuration list for PBXNativeTarget "SketchAndColor" */;
			buildPhases = (
				FA7859303F7789153D100CC8 /* Check Pods Manifest.lock */,
				67AB93831BA4D3940070E363 /* Sources */,
				67AB93841BA4D3940070E363 /* Frameworks */,
				67AB93851BA4D3940070E363 /* Resources */,
				7FA5E8B18D2759C6C45D31FD /* Copy Pods Resources */,
			);
			buildRules = (
			);
			dependencies = (
			);
			name = SketchAndColor;
			productName = SketchAndColor;
			productReference = 67AB93871BA4D3940070E363 /* SketchAndColor.app */;
			productType = "com.apple.product-type.application";
		};
		67AB939F1BA4D3940070E363 /* SketchAndColorTests */ = {
			isa = PBXNativeTarget;
			buildConfigurationList = 67AB93AD1BA4D3940070E363 /* Build configuration list for PBXNativeTarget "SketchAndColorTests" */;
			buildPhases = (
				67AB939C1BA4D3940070E363 /* Sources */,
				67AB939D1BA4D3940070E363 /* Frameworks */,
				67AB939E1BA4D3940070E363 /* Resources */,
			);
			buildRules = (
			);
			dependencies = (
				67AB93A21BA4D3940070E363 /* PBXTargetDependency */,
			);
			name = SketchAndColorTests;
			productName = SketchAndColorTests;
			productReference = 67AB93A01BA4D3940070E363 /* SketchAndColorTests.xctest */;
			productType = "com.apple.product-type.bundle.unit-test";
		};
/* End PBXNativeTarget section */

/* Begin PBXProject section */
		67AB937F1BA4D3940070E363 /* Project object */ = {
			isa = PBXProject;
			attributes = {
				LastUpgradeCheck = 0640;
				ORGANIZATIONNAME = "Xinyu Chang";
				TargetAttributes = {
					67AB93861BA4D3940070E363 = {
						CreatedOnToolsVersion = 6.4;
					};
					67AB939F1BA4D3940070E363 = {
						CreatedOnToolsVersion = 6.4;
						TestTargetID = 67AB93861BA4D3940070E363;
					};
				};
			};
			buildConfigurationList = 67AB93821BA4D3940070E363 /* Build configuration list for PBXProject "SketchAndColor" */;
			compatibilityVersion = "Xcode 3.2";
			developmentRegion = English;
			hasScannedForEncodings = 0;
			knownRegions = (
				en,
				Base,
			);
			mainGroup = 67AB937E1BA4D3940070E363;
			productRefGroup = 67AB93881BA4D3940070E363 /* Products */;
			projectDirPath = "";
			projectRoot = "";
			targets = (
				67AB93861BA4D3940070E363 /* SketchAndColor */,
				67AB939F1BA4D3940070E363 /* SketchAndColorTests */,
			);
		};
/* End PBXProject section */

/* Begin PBXResourcesBuildPhase section */
		67AB93851BA4D3940070E363 /* Resources */ = {
			isa = PBXResourcesBuildPhase;
			buildActionMask = 2147483647;
			files = (
				67AB93961BA4D3940070E363 /* Main.storyboard in Resources */,
				67AB939B1BA4D3940070E363 /* LaunchScreen.xib in Resources */,
				67AB93981BA4D3940070E363 /* Images.xcassets in Resources */,
			);
			runOnlyForDeploymentPostprocessing = 0;
		};
		67AB939E1BA4D3940070E363 /* Resources */ = {
			isa = PBXResourcesBuildPhase;
			buildActionMask = 2147483647;
			files = (
			);
			runOnlyForDeploymentPostprocessing = 0;
		};
/* End PBXResourcesBuildPhase section */

/* Begin PBXShellScriptBuildPhase section */
		7FA5E8B18D2759C6C45D31FD /* Copy Pods Resources */ = {
			isa = PBXShellScriptBuildPhase;
			buildActionMask = 2147483647;
			files = (
			);
			inputPaths = (
			);
			name = "Copy Pods Resources";
			outputPaths = (
			);
			runOnlyForDeploymentPostprocessing = 0;
			shellPath = /bin/sh;
			shellScript = "\"${SRCROOT}/Pods/Target Support Files/Pods-SketchAndColor/Pods-SketchAndColor-resources.sh\"\n";
			showEnvVarsInLog = 0;
		};
		FA7859303F7789153D100CC8 /* Check Pods Manifest.lock */ = {
			isa = PBXShellScriptBuildPhase;
			buildActionMask = 2147483647;
			files = (
			);
			inputPaths = (
			);
			name = "Check Pods Manifest.lock";
			outputPaths = (
			);
			runOnlyForDeploymentPostprocessing = 0;
			shellPath = /bin/sh;
			shellScript = "diff \"${PODS_ROOT}/../Podfile.lock\" \"${PODS_ROOT}/Manifest.lock\" > /dev/null\nif [[ $? != 0 ]] ; then\n    cat << EOM\nerror: The sandbox is not in sync with the Podfile.lock. Run 'pod install' or update your CocoaPods installation.\nEOM\n    exit 1\nfi\n";
			showEnvVarsInLog = 0;
		};
/* End PBXShellScriptBuildPhase section */

/* Begin PBXSourcesBuildPhase section */
		67AB93831BA4D3940070E363 /* Sources */ = {
			isa = PBXSourcesBuildPhase;
			buildActionMask = 2147483647;
			files = (
				67AB93931BA4D3940070E363 /* ViewController.m in Sources */,
				E07438A61BA5480800F9609C /* SketchMyOwnViewController.m in Sources */,
				67AB93901BA4D3940070E363 /* AppDelegate.m in Sources */,
				67AB938D1BA4D3940070E363 /* main.m in Sources */,
			);
			runOnlyForDeploymentPostprocessing = 0;
		};
		67AB939C1BA4D3940070E363 /* Sources */ = {
			isa = PBXSourcesBuildPhase;
			buildActionMask = 2147483647;
			files = (
				67AB93A71BA4D3940070E363 /* SketchAndColorTests.m in Sources */,
			);
			runOnlyForDeploymentPostprocessing = 0;
		};
/* End PBXSourcesBuildPhase section */

/* Begin PBXTargetDependency section */
		67AB93A21BA4D3940070E363 /* PBXTargetDependency */ = {
			isa = PBXTargetDependency;
			target = 67AB93861BA4D3940070E363 /* SketchAndColor */;
			targetProxy = 67AB93A11BA4D3940070E363 /* PBXContainerItemProxy */;
		};
/* End PBXTargetDependency section */

/* Begin PBXVariantGroup section */
		67AB93941BA4D3940070E363 /* Main.storyboard */ = {
			isa = PBXVariantGroup;
			children = (
				67AB93951BA4D3940070E363 /* Base */,
			);
			name = Main.storyboard;
			sourceTree = "<group>";
		};
		67AB93991BA4D3940070E363 /* LaunchScreen.xib */ = {
			isa = PBXVariantGroup;
			children = (
				67AB939A1BA4D3940070E363 /* Base */,
			);
			name = LaunchScreen.xib;
			sourceTree = "<group>";
		};
/* End PBXVariantGroup section */

/* Begin XCBuildConfiguration section */
		67AB93A81BA4D3940070E363 /* Debug */ = {
			isa = XCBuildConfiguration;
			buildSettings = {
				ALWAYS_SEARCH_USER_PATHS = NO;
				CLANG_CXX_LANGUAGE_STANDARD = "gnu++0x";
				CLANG_CXX_LIBRARY = "libc++";
				CLANG_ENABLE_MODULES = YES;
				CLANG_ENABLE_OBJC_ARC = YES;
				CLANG_WARN_BOOL_CONVERSION = YES;
				CLANG_WARN_CONSTANT_CONVERSION = YES;
				CLANG_WARN_DIRECT_OBJC_ISA_USAGE = YES_ERROR;
				CLANG_WARN_EMPTY_BODY = YES;
				CLANG_WARN_ENUM_CONVERSION = YES;
				CLANG_WARN_INT_CONVERSION = YES;
				CLANG_WARN_OBJC_ROOT_CLASS = YES_ERROR;
				CLANG_WARN_UNREACHABLE_CODE = YES;
				CLANG_WARN__DUPLICATE_METHOD_MATCH = YES;
				"CODE_SIGN_IDENTITY[sdk=iphoneos*]" = "iPhone Developer";
				COPY_PHASE_STRIP = NO;
				DEBUG_INFORMATION_FORMAT = "dwarf-with-dsym";
				ENABLE_STRICT_OBJC_MSGSEND = YES;
				GCC_C_LANGUAGE_STANDARD = gnu99;
				GCC_DYNAMIC_NO_PIC = NO;
				GCC_NO_COMMON_BLOCKS = YES;
				GCC_OPTIMIZATION_LEVEL = 0;
				GCC_PREPROCESSOR_DEFINITIONS = (
					"DEBUG=1",
					"$(inherited)",
				);
				GCC_SYMBOLS_PRIVATE_EXTERN = NO;
				GCC_WARN_64_TO_32_BIT_CONVERSION = YES;
				GCC_WARN_ABOUT_RETURN_TYPE = YES_ERROR;
				GCC_WARN_UNDECLARED_SELECTOR = YES;
				GCC_WARN_UNINITIALIZED_AUTOS = YES_AGGRESSIVE;
				GCC_WARN_UNUSED_FUNCTION = YES;
				GCC_WARN_UNUSED_VARIABLE = YES;
				IPHONEOS_DEPLOYMENT_TARGET = 8.4;
				MTL_ENABLE_DEBUG_INFO = YES;
				ONLY_ACTIVE_ARCH = YES;
				SDKROOT = iphoneos;
			};
			name = Debug;
		};
		67AB93A91BA4D3940070E363 /* Release */ = {
			isa = XCBuildConfiguration;
			buildSettings = {
				ALWAYS_SEARCH_USER_PATHS = NO;
				CLANG_CXX_LANGUAGE_STANDARD = "gnu++0x";
				CLANG_CXX_LIBRARY = "libc++";
				CLANG_ENABLE_MODULES = YES;
				CLANG_ENABLE_OBJC_ARC = YES;
				CLANG_WARN_BOOL_CONVERSION = YES;
				CLANG_WARN_CONSTANT_CONVERSION = YES;
				CLANG_WARN_DIRECT_OBJC_ISA_USAGE = YES_ERROR;
				CLANG_WARN_EMPTY_BODY = YES;
				CLANG_WARN_ENUM_CONVERSION = YES;
				CLANG_WARN_INT_CONVERSION = YES;
				CLANG_WARN_OBJC_ROOT_CLASS = YES_ERROR;
				CLANG_WARN_UNREACHABLE_CODE = YES;
				CLANG_WARN__DUPLICATE_METHOD_MATCH = YES;
				"CODE_SIGN_IDENTITY[sdk=iphoneos*]" = "iPhone Developer";
				COPY_PHASE_STRIP = NO;
				DEBUG_INFORMATION_FORMAT = "dwarf-with-dsym";
				ENABLE_NS_ASSERTIONS = NO;
				ENABLE_STRICT_OBJC_MSGSEND = YES;
				GCC_C_LANGUAGE_STANDARD = gnu99;
				GCC_NO_COMMON_BLOCKS = YES;
				GCC_WARN_64_TO_32_BIT_CONVERSION = YES;
				GCC_WARN_ABOUT_RETURN_TYPE = YES_ERROR;
				GCC_WARN_UNDECLARED_SELECTOR = YES;
				GCC_WARN_UNINITIALIZED_AUTOS = YES_AGGRESSIVE;
				GCC_WARN_UNUSED_FUNCTION = YES;
				GCC_WARN_UNUSED_VARIABLE = YES;
				IPHONEOS_DEPLOYMENT_TARGET = 8.4;
				MTL_ENABLE_DEBUG_INFO = NO;
				SDKROOT = iphoneos;
				VALIDATE_PRODUCT = YES;
			};
			name = Release;
		};
		67AB93AB1BA4D3940070E363 /* Debug */ = {
			isa = XCBuildConfiguration;
			baseConfigurationReference = D5E974750F3DA51B28F21FC8 /* Pods-SketchAndColor.debug.xcconfig */;
			buildSettings = {
				ASSETCATALOG_COMPILER_APPICON_NAME = AppIcon;
				INFOPLIST_FILE = SketchAndColor/Info.plist;
				LD_RUNPATH_SEARCH_PATHS = "$(inherited) @executable_path/Frameworks";
				PRODUCT_NAME = "$(TARGET_NAME)";
			};
			name = Debug;
		};
		67AB93AC1BA4D3940070E363 /* Release */ = {
			isa = XCBuildConfiguration;
			baseConfigurationReference = 42692B5AC144820905E86EAD /* Pods-SketchAndColor.release.xcconfig */;
			buildSettings = {
				ASSETCATALOG_COMPILER_APPICON_NAME = AppIcon;
				INFOPLIST_FILE = SketchAndColor/Info.plist;
				LD_RUNPATH_SEARCH_PATHS = "$(inherited) @executable_path/Frameworks";
				PRODUCT_NAME = "$(TARGET_NAME)";
			};
			name = Release;
		};
		67AB93AE1BA4D3940070E363 /* Debug */ = {
			isa = XCBuildConfiguration;
			buildSettings = {
				BUNDLE_LOADER = "$(TEST_HOST)";
				FRAMEWORK_SEARCH_PATHS = (
					"$(SDKROOT)/Developer/Library/Frameworks",
					"$(inherited)",
				);
				GCC_PREPROCESSOR_DEFINITIONS = (
					"DEBUG=1",
					"$(inherited)",
				);
				INFOPLIST_FILE = SketchAndColorTests/Info.plist;
				LD_RUNPATH_SEARCH_PATHS = "$(inherited) @executable_path/Frameworks @loader_path/Frameworks";
				PRODUCT_NAME = "$(TARGET_NAME)";
				TEST_HOST = "$(BUILT_PRODUCTS_DIR)/SketchAndColor.app/SketchAndColor";
			};
			name = Debug;
		};
		67AB93AF1BA4D3940070E363 /* Release */ = {
			isa = XCBuildConfiguration;
			buildSettings = {
				BUNDLE_LOADER = "$(TEST_HOST)";
				FRAMEWORK_SEARCH_PATHS = (
					"$(SDKROOT)/Developer/Library/Frameworks",
					"$(inherited)",
				);
				INFOPLIST_FILE = SketchAndColorTests/Info.plist;
				LD_RUNPATH_SEARCH_PATHS = "$(inherited) @executable_path/Frameworks @loader_path/Frameworks";
				PRODUCT_NAME = "$(TARGET_NAME)";
				TEST_HOST = "$(BUILT_PRODUCTS_DIR)/SketchAndColor.app/SketchAndColor";
			};
			name = Release;
		};
/* End XCBuildConfiguration section */

/* Begin XCConfigurationList section */
		67AB93821BA4D3940070E363 /* Build configuration list for PBXProject "SketchAndColor" */ = {
			isa = XCConfigurationList;
			buildConfigurations = (
				67AB93A81BA4D3940070E363 /* Debug */,
				67AB93A91BA4D3940070E363 /* Release */,
			);
			defaultConfigurationIsVisible = 0;
			defaultConfigurationName = Release;
		};
		67AB93AA1BA4D3940070E363 /* Build configuration list for PBXNativeTarget "SketchAndColor" */ = {
			isa = XCConfigurationList;
			buildConfigurations = (
				67AB93AB1BA4D3940070E363 /* Debug */,
				67AB93AC1BA4D3940070E363 /* Release */,
			);
			defaultConfigurationIsVisible = 0;
			defaultConfigurationName = Release;
		};
		67AB93AD1BA4D3940070E363 /* Build configuration list for PBXNativeTarget "SketchAndColorTests" */ = {
			isa = XCConfigurationList;
			buildConfigurations = (
				67AB93AE1BA4D3940070E363 /* Debug */,
				67AB93AF1BA4D3940070E363 /* Release */,
			);
			defaultConfigurationIsVisible = 0;
			defaultConfigurationName = Release;
		};
/* End XCConfigurationList section */
	};
	rootObject = 67AB937F1BA4D3940070E363 /* Project object */;
}
